// !$*UTF8*$!
{
	archiveVersion = 1;
	classes = {
	};
	objectVersion = 56;
	objects = {

/* Begin PBXBuildFile section */
		390D49502AF5D2960033C879 /* FilesView.swift in Sources */ = {isa = PBXBuildFile; fileRef = 390D494F2AF5D2960033C879 /* FilesView.swift */; };
		390D49532AFB53460033C879 /* PlayerView.swift in Sources */ = {isa = PBXBuildFile; fileRef = 390D49522AFB53460033C879 /* PlayerView.swift */; };
		390D49552AFB5ACE0033C879 /* Player.swift in Sources */ = {isa = PBXBuildFile; fileRef = 390D49542AFB5ACE0033C879 /* Player.swift */; };
		393EAA232AF48FFF0042C085 /* Recording.swift in Sources */ = {isa = PBXBuildFile; fileRef = 393EAA222AF48FFF0042C085 /* Recording.swift */; };
		3951A90D29E13F6100C80C26 /* MemoManApp.swift in Sources */ = {isa = PBXBuildFile; fileRef = 3951A90C29E13F6100C80C26 /* MemoManApp.swift */; };
		3951A90F29E13F6100C80C26 /* RecordView.swift in Sources */ = {isa = PBXBuildFile; fileRef = 3951A90E29E13F6100C80C26 /* RecordView.swift */; };
		3951A91129E13F6200C80C26 /* Assets.xcassets in Resources */ = {isa = PBXBuildFile; fileRef = 3951A91029E13F6200C80C26 /* Assets.xcassets */; };
		3951A91429E13F6200C80C26 /* Preview Assets.xcassets in Resources */ = {isa = PBXBuildFile; fileRef = 3951A91329E13F6200C80C26 /* Preview Assets.xcassets */; };
		39573A5F2C251AB4008B13D8 /* FileNameButtonView.swift in Sources */ = {isa = PBXBuildFile; fileRef = 39573A5E2C251AB4008B13D8 /* FileNameButtonView.swift */; };
		39573A612C2606DB008B13D8 /* PlayerViewModel.swift in Sources */ = {isa = PBXBuildFile; fileRef = 39573A602C2606DB008B13D8 /* PlayerViewModel.swift */; };
		398C8A052AF1F46F009848AF /* Recorder.swift in Sources */ = {isa = PBXBuildFile; fileRef = 398C8A042AF1F46F009848AF /* Recorder.swift */; };
		398C8A072AF1F49B009848AF /* RecordModel.swift in Sources */ = {isa = PBXBuildFile; fileRef = 398C8A062AF1F49B009848AF /* RecordModel.swift */; };
		39D7DBFE2BB73FD800EECAD9 /* Components.swift in Sources */ = {isa = PBXBuildFile; fileRef = 39D7DBFD2BB73FD800EECAD9 /* Components.swift */; };
/* End PBXBuildFile section */

/* Begin PBXFileReference section */
		390D494F2AF5D2960033C879 /* FilesView.swift */ = {isa = PBXFileReference; lastKnownFileType = sourcecode.swift; path = FilesView.swift; sourceTree = "<group>"; };
		390D49512AFB409A0033C879 /* Info.plist */ = {isa = PBXFileReference; lastKnownFileType = text.plist; path = Info.plist; sourceTree = "<group>"; };
		390D49522AFB53460033C879 /* PlayerView.swift */ = {isa = PBXFileReference; lastKnownFileType = sourcecode.swift; path = PlayerView.swift; sourceTree = "<group>"; };
		390D49542AFB5ACE0033C879 /* Player.swift */ = {isa = PBXFileReference; fileEncoding = 4; lastKnownFileType = sourcecode.swift; name = Player.swift; path = "../../MemoMan backup/MemoMan/Player.swift"; sourceTree = "<group>"; };
		393EAA222AF48FFF0042C085 /* Recording.swift */ = {isa = PBXFileReference; lastKnownFileType = sourcecode.swift; path = Recording.swift; sourceTree = "<group>"; };
		3951A90929E13F6100C80C26 /* MemoMan.app */ = {isa = PBXFileReference; explicitFileType = wrapper.application; includeInIndex = 0; path = MemoMan.app; sourceTree = BUILT_PRODUCTS_DIR; };
		3951A90C29E13F6100C80C26 /* MemoManApp.swift */ = {isa = PBXFileReference; lastKnownFileType = sourcecode.swift; path = MemoManApp.swift; sourceTree = "<group>"; };
		3951A90E29E13F6100C80C26 /* RecordView.swift */ = {isa = PBXFileReference; lastKnownFileType = sourcecode.swift; path = RecordView.swift; sourceTree = "<group>"; };
		3951A91029E13F6200C80C26 /* Assets.xcassets */ = {isa = PBXFileReference; lastKnownFileType = folder.assetcatalog; path = Assets.xcassets; sourceTree = "<group>"; };
		3951A91329E13F6200C80C26 /* Preview Assets.xcassets */ = {isa = PBXFileReference; lastKnownFileType = folder.assetcatalog; path = "Preview Assets.xcassets"; sourceTree = "<group>"; };
		39573A5E2C251AB4008B13D8 /* FileNameButtonView.swift */ = {isa = PBXFileReference; lastKnownFileType = sourcecode.swift; path = FileNameButtonView.swift; sourceTree = "<group>"; };
		39573A602C2606DB008B13D8 /* PlayerViewModel.swift */ = {isa = PBXFileReference; lastKnownFileType = sourcecode.swift; path = PlayerViewModel.swift; sourceTree = "<group>"; };
		398C8A042AF1F46F009848AF /* Recorder.swift */ = {isa = PBXFileReference; lastKnownFileType = sourcecode.swift; path = Recorder.swift; sourceTree = "<group>"; };
		398C8A062AF1F49B009848AF /* RecordModel.swift */ = {isa = PBXFileReference; lastKnownFileType = sourcecode.swift; path = RecordModel.swift; sourceTree = "<group>"; };
		39D7DBFD2BB73FD800EECAD9 /* Components.swift */ = {isa = PBXFileReference; lastKnownFileType = sourcecode.swift; path = Components.swift; sourceTree = "<group>"; };
		39F8D31D2BD06A0100D66B1A /* MemoMan.entitlements */ = {isa = PBXFileReference; lastKnownFileType = text.plist.entitlements; path = MemoMan.entitlements; sourceTree = "<group>"; };
/* End PBXFileReference section */

/* Begin PBXFrameworksBuildPhase section */
		3951A90629E13F6100C80C26 /* Frameworks */ = {
			isa = PBXFrameworksBuildPhase;
			buildActionMask = 2147483647;
			files = (
			);
			runOnlyForDeploymentPostprocessing = 0;
		};
/* End PBXFrameworksBuildPhase section */

/* Begin PBXGroup section */
		3951A90029E13F6100C80C26 = {
			isa = PBXGroup;
			children = (
				3951A90B29E13F6100C80C26 /* MemoMan */,
				3951A90A29E13F6100C80C26 /* Products */,
			);
			sourceTree = "<group>";
		};
		3951A90A29E13F6100C80C26 /* Products */ = {
			isa = PBXGroup;
			children = (
				3951A90929E13F6100C80C26 /* MemoMan.app */,
			);
			name = Products;
			sourceTree = "<group>";
		};
		3951A90B29E13F6100C80C26 /* MemoMan */ = {
			isa = PBXGroup;
			children = (
				39F8D31D2BD06A0100D66B1A /* MemoMan.entitlements */,
				390D49512AFB409A0033C879 /* Info.plist */,
				39D7DBFD2BB73FD800EECAD9 /* Components.swift */,
				3951A90C29E13F6100C80C26 /* MemoManApp.swift */,
				390D494F2AF5D2960033C879 /* FilesView.swift */,
				39573A5E2C251AB4008B13D8 /* FileNameButtonView.swift */,
				390D49522AFB53460033C879 /* PlayerView.swift */,
				39573A602C2606DB008B13D8 /* PlayerViewModel.swift */,
				3951A90E29E13F6100C80C26 /* RecordView.swift */,
				398C8A062AF1F49B009848AF /* RecordModel.swift */,
				398C8A042AF1F46F009848AF /* Recorder.swift */,
				393EAA222AF48FFF0042C085 /* Recording.swift */,
				390D49542AFB5ACE0033C879 /* Player.swift */,
				3951A91029E13F6200C80C26 /* Assets.xcassets */,
				3951A91229E13F6200C80C26 /* Preview Content */,
			);
			path = MemoMan;
			sourceTree = "<group>";
		};
		3951A91229E13F6200C80C26 /* Preview Content */ = {
			isa = PBXGroup;
			children = (
				3951A91329E13F6200C80C26 /* Preview Assets.xcassets */,
			);
			path = "Preview Content";
			sourceTree = "<group>";
		};
/* End PBXGroup section */

/* Begin PBXNativeTarget section */
		3951A90829E13F6100C80C26 /* MemoMan */ = {
			isa = PBXNativeTarget;
			buildConfigurationList = 3951A91729E13F6200C80C26 /* Build configuration list for PBXNativeTarget "MemoMan" */;
			buildPhases = (
				3951A90529E13F6100C80C26 /* Sources */,
				3951A90629E13F6100C80C26 /* Frameworks */,
				3951A90729E13F6100C80C26 /* Resources */,
			);
			buildRules = (
			);
			dependencies = (
			);
			name = MemoMan;
			productName = MemoMan;
			productReference = 3951A90929E13F6100C80C26 /* MemoMan.app */;
			productType = "com.apple.product-type.application";
		};
/* End PBXNativeTarget section */

/* Begin PBXProject section */
		3951A90129E13F6100C80C26 /* Project object */ = {
			isa = PBXProject;
			attributes = {
				BuildIndependentTargetsInParallel = 1;
				LastSwiftUpdateCheck = 1430;
				LastUpgradeCheck = 1600;
				TargetAttributes = {
					3951A90829E13F6100C80C26 = {
						CreatedOnToolsVersion = 14.3;
					};
				};
			};
			buildConfigurationList = 3951A90429E13F6100C80C26 /* Build configuration list for PBXProject "MemoMan" */;
			compatibilityVersion = "Xcode 14.0";
			developmentRegion = en;
			hasScannedForEncodings = 0;
			knownRegions = (
				en,
				Base,
			);
			mainGroup = 3951A90029E13F6100C80C26;
			productRefGroup = 3951A90A29E13F6100C80C26 /* Products */;
			projectDirPath = "";
			projectRoot = "";
			targets = (
				3951A90829E13F6100C80C26 /* MemoMan */,
			);
		};
/* End PBXProject section */

/* Begin PBXResourcesBuildPhase section */
		3951A90729E13F6100C80C26 /* Resources */ = {
			isa = PBXResourcesBuildPhase;
			buildActionMask = 2147483647;
			files = (
				3951A91429E13F6200C80C26 /* Preview Assets.xcassets in Resources */,
				3951A91129E13F6200C80C26 /* Assets.xcassets in Resources */,
			);
			runOnlyForDeploymentPostprocessing = 0;
		};
/* End PBXResourcesBuildPhase section */

/* Begin PBXSourcesBuildPhase section */
		3951A90529E13F6100C80C26 /* Sources */ = {
			isa = PBXSourcesBuildPhase;
			buildActionMask = 2147483647;
			files = (
				39573A5F2C251AB4008B13D8 /* FileNameButtonView.swift in Sources */,
				398C8A072AF1F49B009848AF /* RecordModel.swift in Sources */,
				398C8A052AF1F46F009848AF /* Recorder.swift in Sources */,
				390D49532AFB53460033C879 /* PlayerView.swift in Sources */,
				390D49502AF5D2960033C879 /* FilesView.swift in Sources */,
				390D49552AFB5ACE0033C879 /* Player.swift in Sources */,
				3951A90F29E13F6100C80C26 /* RecordView.swift in Sources */,
				3951A90D29E13F6100C80C26 /* MemoManApp.swift in Sources */,
				39D7DBFE2BB73FD800EECAD9 /* Components.swift in Sources */,
				393EAA232AF48FFF0042C085 /* Recording.swift in Sources */,
				39573A612C2606DB008B13D8 /* PlayerViewModel.swift in Sources */,
			);
			runOnlyForDeploymentPostprocessing = 0;
		};
/* End PBXSourcesBuildPhase section */

/* Begin XCBuildConfiguration section */
		3951A91529E13F6200C80C26 /* Debug */ = {
			isa = XCBuildConfiguration;
			buildSettings = {
				ALWAYS_SEARCH_USER_PATHS = NO;
				CLANG_ANALYZER_NONNULL = YES;
				CLANG_ANALYZER_NUMBER_OBJECT_CONVERSION = YES_AGGRESSIVE;
				CLANG_CXX_LANGUAGE_STANDARD = "gnu++20";
				CLANG_ENABLE_MODULES = YES;
				CLANG_ENABLE_OBJC_ARC = YES;
				CLANG_ENABLE_OBJC_WEAK = YES;
				CLANG_WARN_BLOCK_CAPTURE_AUTORELEASING = YES;
				CLANG_WARN_BOOL_CONVERSION = YES;
				CLANG_WARN_COMMA = YES;
				CLANG_WARN_CONSTANT_CONVERSION = YES;
				CLANG_WARN_DEPRECATED_OBJC_IMPLEMENTATIONS = YES;
				CLANG_WARN_DIRECT_OBJC_ISA_USAGE = YES_ERROR;
				CLANG_WARN_DOCUMENTATION_COMMENTS = YES;
				CLANG_WARN_EMPTY_BODY = YES;
				CLANG_WARN_ENUM_CONVERSION = YES;
				CLANG_WARN_INFINITE_RECURSION = YES;
				CLANG_WARN_INT_CONVERSION = YES;
				CLANG_WARN_NON_LITERAL_NULL_CONVERSION = YES;
				CLANG_WARN_OBJC_IMPLICIT_RETAIN_SELF = YES;
				CLANG_WARN_OBJC_LITERAL_CONVERSION = YES;
				CLANG_WARN_OBJC_ROOT_CLASS = YES_ERROR;
				CLANG_WARN_QUOTED_INCLUDE_IN_FRAMEWORK_HEADER = YES;
				CLANG_WARN_RANGE_LOOP_ANALYSIS = YES;
				CLANG_WARN_STRICT_PROTOTYPES = YES;
				CLANG_WARN_SUSPICIOUS_MOVE = YES;
				CLANG_WARN_UNGUARDED_AVAILABILITY = YES_AGGRESSIVE;
				CLANG_WARN_UNREACHABLE_CODE = YES;
				CLANG_WARN__DUPLICATE_METHOD_MATCH = YES;
				COPY_PHASE_STRIP = NO;
				DEBUG_INFORMATION_FORMAT = dwarf;
				ENABLE_STRICT_OBJC_MSGSEND = YES;
				ENABLE_TESTABILITY = YES;
				ENABLE_USER_SCRIPT_SANDBOXING = YES;
				GCC_C_LANGUAGE_STANDARD = gnu11;
				GCC_DYNAMIC_NO_PIC = NO;
				GCC_NO_COMMON_BLOCKS = YES;
				GCC_OPTIMIZATION_LEVEL = 0;
				GCC_PREPROCESSOR_DEFINITIONS = (
					"DEBUG=1",
					"$(inherited)",
				);
				GCC_WARN_64_TO_32_BIT_CONVERSION = YES;
				GCC_WARN_ABOUT_RETURN_TYPE = YES_ERROR;
				GCC_WARN_UNDECLARED_SELECTOR = YES;
				GCC_WARN_UNINITIALIZED_AUTOS = YES_AGGRESSIVE;
				GCC_WARN_UNUSED_FUNCTION = YES;
				GCC_WARN_UNUSED_VARIABLE = YES;
				IPHONEOS_DEPLOYMENT_TARGET = 16.4;
				MTL_ENABLE_DEBUG_INFO = INCLUDE_SOURCE;
				MTL_FAST_MATH = YES;
				ONLY_ACTIVE_ARCH = YES;
				SDKROOT = iphoneos;
				SWIFT_ACTIVE_COMPILATION_CONDITIONS = DEBUG;
				SWIFT_OPTIMIZATION_LEVEL = "-Onone";
			};
			name = Debug;
		};
		3951A91629E13F6200C80C26 /* Release */ = {
			isa = XCBuildConfiguration;
			buildSettings = {
				ALWAYS_SEARCH_USER_PATHS = NO;
				CLANG_ANALYZER_NONNULL = YES;
				CLANG_ANALYZER_NUMBER_OBJECT_CONVERSION = YES_AGGRESSIVE;
				CLANG_CXX_LANGUAGE_STANDARD = "gnu++20";
				CLANG_ENABLE_MODULES = YES;
				CLANG_ENABLE_OBJC_ARC = YES;
				CLANG_ENABLE_OBJC_WEAK = YES;
				CLANG_WARN_BLOCK_CAPTURE_AUTORELEASING = YES;
				CLANG_WARN_BOOL_CONVERSION = YES;
				CLANG_WARN_COMMA = YES;
				CLANG_WARN_CONSTANT_CONVERSION = YES;
				CLANG_WARN_DEPRECATED_OBJC_IMPLEMENTATIONS = YES;
				CLANG_WARN_DIRECT_OBJC_ISA_USAGE = YES_ERROR;
				CLANG_WARN_DOCUMENTATION_COMMENTS = YES;
				CLANG_WARN_EMPTY_BODY = YES;
				CLANG_WARN_ENUM_CONVERSION = YES;
				CLANG_WARN_INFINITE_RECURSION = YES;
				CLANG_WARN_INT_CONVERSION = YES;
				CLANG_WARN_NON_LITERAL_NULL_CONVERSION = YES;
				CLANG_WARN_OBJC_IMPLICIT_RETAIN_SELF = YES;
				CLANG_WARN_OBJC_LITERAL_CONVERSION = YES;
				CLANG_WARN_OBJC_ROOT_CLASS = YES_ERROR;
				CLANG_WARN_QUOTED_INCLUDE_IN_FRAMEWORK_HEADER = YES;
				CLANG_WARN_RANGE_LOOP_ANALYSIS = YES;
				CLANG_WARN_STRICT_PROTOTYPES = YES;
				CLANG_WARN_SUSPICIOUS_MOVE = YES;
				CLANG_WARN_UNGUARDED_AVAILABILITY = YES_AGGRESSIVE;
				CLANG_WARN_UNREACHABLE_CODE = YES;
				CLANG_WARN__DUPLICATE_METHOD_MATCH = YES;
				COPY_PHASE_STRIP = NO;
				DEBUG_INFORMATION_FORMAT = "dwarf-with-dsym";
				ENABLE_NS_ASSERTIONS = NO;
				ENABLE_STRICT_OBJC_MSGSEND = YES;
				ENABLE_USER_SCRIPT_SANDBOXING = YES;
				GCC_C_LANGUAGE_STANDARD = gnu11;
				GCC_NO_COMMON_BLOCKS = YES;
				GCC_WARN_64_TO_32_BIT_CONVERSION = YES;
				GCC_WARN_ABOUT_RETURN_TYPE = YES_ERROR;
				GCC_WARN_UNDECLARED_SELECTOR = YES;
				GCC_WARN_UNINITIALIZED_AUTOS = YES_AGGRESSIVE;
				GCC_WARN_UNUSED_FUNCTION = YES;
				GCC_WARN_UNUSED_VARIABLE = YES;
				IPHONEOS_DEPLOYMENT_TARGET = 16.4;
				MTL_ENABLE_DEBUG_INFO = NO;
				MTL_FAST_MATH = YES;
				SDKROOT = iphoneos;
				SWIFT_COMPILATION_MODE = wholemodule;
				SWIFT_OPTIMIZATION_LEVEL = "-O";
				VALIDATE_PRODUCT = YES;
			};
			name = Release;
		};
		3951A91829E13F6200C80C26 /* Debug */ = {
			isa = XCBuildConfiguration;
			buildSettings = {
				ASSETCATALOG_COMPILER_APPICON_NAME = AppIcon;
				ASSETCATALOG_COMPILER_GLOBAL_ACCENT_COLOR_NAME = AccentColor;
				CODE_SIGN_ENTITLEMENTS = MemoMan/MemoMan.entitlements;
				CODE_SIGN_STYLE = Automatic;
				CURRENT_PROJECT_VERSION = 1;
				DEVELOPMENT_ASSET_PATHS = "\"MemoMan/Preview Content\"";
				DEVELOPMENT_TEAM = 3798C43WZH;
				ENABLE_PREVIEWS = YES;
				GENERATE_INFOPLIST_FILE = YES;
				INFOPLIST_FILE = MemoMan/Info.plist;
				INFOPLIST_KEY_NSMicrophoneUsageDescription = "MemoMan requires access to the device's microphone.";
				INFOPLIST_KEY_UIApplicationSceneManifest_Generation = YES;
				INFOPLIST_KEY_UIApplicationSupportsIndirectInputEvents = YES;
				INFOPLIST_KEY_UILaunchScreen_Generation = YES;
				INFOPLIST_KEY_UISupportedInterfaceOrientations_iPad = "UIInterfaceOrientationPortrait UIInterfaceOrientationPortraitUpsideDown UIInterfaceOrientationLandscapeLeft UIInterfaceOrientationLandscapeRight";
				INFOPLIST_KEY_UISupportedInterfaceOrientations_iPhone = "UIInterfaceOrientationPortrait UIInterfaceOrientationLandscapeLeft UIInterfaceOrientationLandscapeRight";
				IPHONEOS_DEPLOYMENT_TARGET = 17.0;
				LD_RUNPATH_SEARCH_PATHS = (
					"$(inherited)",
					"@executable_path/Frameworks",
				);
				MARKETING_VERSION = 1.0;
				PRODUCT_BUNDLE_IDENTIFIER = com.aabagdi.MemoMan;
				PRODUCT_NAME = "$(TARGET_NAME)";
				SWIFT_EMIT_LOC_STRINGS = YES;
				SWIFT_VERSION = 5.0;
				TARGETED_DEVICE_FAMILY = "1,2";
			};
			name = Debug;
		};
		3951A91929E13F6200C80C26 /* Release */ = {
			isa = XCBuildConfiguration;
			buildSettings = {
				ASSETCATALOG_COMPILER_APPICON_NAME = AppIcon;
				ASSETCATALOG_COMPILER_GLOBAL_ACCENT_COLOR_NAME = AccentColor;
				CODE_SIGN_ENTITLEMENTS = MemoMan/MemoMan.entitlements;
				CODE_SIGN_STYLE = Automatic;
				CURRENT_PROJECT_VERSION = 1;
				DEVELOPMENT_ASSET_PATHS = "\"MemoMan/Preview Content\"";
				DEVELOPMENT_TEAM = 3798C43WZH;
				ENABLE_PREVIEWS = YES;
				GENERATE_INFOPLIST_FILE = YES;
				INFOPLIST_FILE = MemoMan/Info.plist;
				INFOPLIST_KEY_NSMicrophoneUsageDescription = "MemoMan requires access to the device's microphone.";
				INFOPLIST_KEY_UIApplicationSceneManifest_Generation = YES;
				INFOPLIST_KEY_UIApplicationSupportsIndirectInputEvents = YES;
				INFOPLIST_KEY_UILaunchScreen_Generation = YES;
				INFOPLIST_KEY_UISupportedInterfaceOrientations_iPad = "UIInterfaceOrientationPortrait UIInterfaceOrientationPortraitUpsideDown UIInterfaceOrientationLandscapeLeft UIInterfaceOrientationLandscapeRight";
				INFOPLIST_KEY_UISupportedInterfaceOrientations_iPhone = "UIInterfaceOrientationPortrait UIInterfaceOrientationLandscapeLeft UIInterfaceOrientationLandscapeRight";
				IPHONEOS_DEPLOYMENT_TARGET = 17.0;
				LD_RUNPATH_SEARCH_PATHS = (
					"$(inherited)",
					"@executable_path/Frameworks",
				);
				MARKETING_VERSION = 1.0;
				PRODUCT_BUNDLE_IDENTIFIER = com.aabagdi.MemoMan;
				PRODUCT_NAME = "$(TARGET_NAME)";
				SWIFT_EMIT_LOC_STRINGS = YES;
				SWIFT_VERSION = 5.0;
				TARGETED_DEVICE_FAMILY = "1,2";
			};
			name = Release;
		};
/* End XCBuildConfiguration section */

/* Begin XCConfigurationList section */
		3951A90429E13F6100C80C26 /* Build configuration list for PBXProject "MemoMan" */ = {
			isa = XCConfigurationList;
			buildConfigurations = (
				3951A91529E13F6200C80C26 /* Debug */,
				3951A91629E13F6200C80C26 /* Release */,
			);
			defaultConfigurationIsVisible = 0;
			defaultConfigurationName = Release;
		};
		3951A91729E13F6200C80C26 /* Build configuration list for PBXNativeTarget "MemoMan" */ = {
			isa = XCConfigurationList;
			buildConfigurations = (
				3951A91829E13F6200C80C26 /* Debug */,
				3951A91929E13F6200C80C26 /* Release */,
			);
			defaultConfigurationIsVisible = 0;
			defaultConfigurationName = Release;
		};
/* End XCConfigurationList section */
	};
	rootObject = 3951A90129E13F6100C80C26 /* Project object */;
}
