// !$*UTF8*$!
{
	archiveVersion = 1;
	classes = {
	};
	objectVersion = 56;
	objects = {

/* Begin PBXBuildFile section */
		3909184E2C9DF82E00E487F9 /* RecordViewTip.swift in Sources */ = {isa = PBXBuildFile; fileRef = 3909184D2C9DF82E00E487F9 /* RecordViewTip.swift */; };
		390D49502AF5D2960033C879 /* FilesView.swift in Sources */ = {isa = PBXBuildFile; fileRef = 390D494F2AF5D2960033C879 /* FilesView.swift */; };
		390D49532AFB53460033C879 /* PlayerView.swift in Sources */ = {isa = PBXBuildFile; fileRef = 390D49522AFB53460033C879 /* PlayerView.swift */; };
		390D49552AFB5ACE0033C879 /* Player.swift in Sources */ = {isa = PBXBuildFile; fileRef = 390D49542AFB5ACE0033C879 /* Player.swift */; };
		392B85032C7E74C200C5F32C /* LockScreenControlManager.swift in Sources */ = {isa = PBXBuildFile; fileRef = 392B85022C7E74C200C5F32C /* LockScreenControlManager.swift */; };
		3932BC7E2C6481770023DDC1 /* TranscriptionResult.swift in Sources */ = {isa = PBXBuildFile; fileRef = 3932BC7D2C6481770023DDC1 /* TranscriptionResult.swift */; };
		393E57AB2C372FD800690315 /* SettingsView.swift in Sources */ = {isa = PBXBuildFile; fileRef = 393E57AA2C372FD800690315 /* SettingsView.swift */; };
		393E57B12C38675800690315 /* FilesListView.swift in Sources */ = {isa = PBXBuildFile; fileRef = 393E57B02C38675800690315 /* FilesListView.swift */; };
		393E57B92C39D9CA00690315 /* RecordView++.swift in Sources */ = {isa = PBXBuildFile; fileRef = 393E57B82C39D9CA00690315 /* RecordView++.swift */; };
		393EAA232AF48FFF0042C085 /* RecordingModel.swift in Sources */ = {isa = PBXBuildFile; fileRef = 393EAA222AF48FFF0042C085 /* RecordingModel.swift */; };
		3951A90D29E13F6100C80C26 /* MemoManApp.swift in Sources */ = {isa = PBXBuildFile; fileRef = 3951A90C29E13F6100C80C26 /* MemoManApp.swift */; };
		3951A90F29E13F6100C80C26 /* RecordView.swift in Sources */ = {isa = PBXBuildFile; fileRef = 3951A90E29E13F6100C80C26 /* RecordView.swift */; };
		3951A91129E13F6200C80C26 /* Assets.xcassets in Resources */ = {isa = PBXBuildFile; fileRef = 3951A91029E13F6200C80C26 /* Assets.xcassets */; };
		3951A91429E13F6200C80C26 /* Preview Assets.xcassets in Resources */ = {isa = PBXBuildFile; fileRef = 3951A91329E13F6200C80C26 /* Preview Assets.xcassets */; };
		39573A5F2C251AB4008B13D8 /* FileNameButtonView.swift in Sources */ = {isa = PBXBuildFile; fileRef = 39573A5E2C251AB4008B13D8 /* FileNameButtonView.swift */; };
		39573A612C2606DB008B13D8 /* PlayerViewModel.swift in Sources */ = {isa = PBXBuildFile; fileRef = 39573A602C2606DB008B13D8 /* PlayerViewModel.swift */; };
		3989D9202C43B162005D77BA /* WaveformView.swift in Sources */ = {isa = PBXBuildFile; fileRef = 3989D91F2C43B162005D77BA /* WaveformView.swift */; };
		398B6C502DAA373F00A10365 /* LockScreenControlManager.swift in Sources */ = {isa = PBXBuildFile; fileRef = 398B6C4C2DAA373F00A10365 /* LockScreenControlManager.swift */; };
		398B6C512DAA373F00A10365 /* SpeechRecognizer.swift in Sources */ = {isa = PBXBuildFile; fileRef = 398B6C4F2DAA373F00A10365 /* SpeechRecognizer.swift */; };
		398B6C522DAA373F00A10365 /* Player.swift in Sources */ = {isa = PBXBuildFile; fileRef = 398B6C4D2DAA373F00A10365 /* Player.swift */; };
		398B6C532DAA373F00A10365 /* Recorder.swift in Sources */ = {isa = PBXBuildFile; fileRef = 398B6C4E2DAA373F00A10365 /* Recorder.swift */; };
		398C8A052AF1F46F009848AF /* Recorder.swift in Sources */ = {isa = PBXBuildFile; fileRef = 398C8A042AF1F46F009848AF /* Recorder.swift */; };
		398C8A072AF1F49B009848AF /* RecordViewModel.swift in Sources */ = {isa = PBXBuildFile; fileRef = 398C8A062AF1F49B009848AF /* RecordViewModel.swift */; };
		399CEEA42C56DEF40012A712 /* UIDeviceOrientation++.swift in Sources */ = {isa = PBXBuildFile; fileRef = 399CEEA32C56DEF40012A712 /* UIDeviceOrientation++.swift */; };
		39A013FA2C31EB0400BE7BBF /* RecordingModel++.swift in Sources */ = {isa = PBXBuildFile; fileRef = 39A013F92C31EB0400BE7BBF /* RecordingModel++.swift */; };
		39A41A242C2FFA39003B11B1 /* Recording+Transferable.swift in Sources */ = {isa = PBXBuildFile; fileRef = 39A41A232C2FFA39003B11B1 /* Recording+Transferable.swift */; };
		39D7DBFE2BB73FD800EECAD9 /* Errors.swift in Sources */ = {isa = PBXBuildFile; fileRef = 39D7DBFD2BB73FD800EECAD9 /* Errors.swift */; };
		39E55A082C3A345900FBA9C3 /* SpeechRecognizer.swift in Sources */ = {isa = PBXBuildFile; fileRef = 39E55A072C3A345900FBA9C3 /* SpeechRecognizer.swift */; };
		39E55A0A2C3A39AA00FBA9C3 /* SFSpeechRecognizer++.swift in Sources */ = {isa = PBXBuildFile; fileRef = 39E55A092C3A39AA00FBA9C3 /* SFSpeechRecognizer++.swift */; };
		39E55A0C2C3A403500FBA9C3 /* TranscriptionButtonView.swift in Sources */ = {isa = PBXBuildFile; fileRef = 39E55A0B2C3A403500FBA9C3 /* TranscriptionButtonView.swift */; };
		39E55A0E2C3A473600FBA9C3 /* PurpleButtonStyle.swift in Sources */ = {isa = PBXBuildFile; fileRef = 39E55A0D2C3A473600FBA9C3 /* PurpleButtonStyle.swift */; };
/* End PBXBuildFile section */

/* Begin PBXFileReference section */
		3909184D2C9DF82E00E487F9 /* RecordViewTip.swift */ = {isa = PBXFileReference; lastKnownFileType = sourcecode.swift; path = RecordViewTip.swift; sourceTree = "<group>"; };
		390D494F2AF5D2960033C879 /* FilesView.swift */ = {isa = PBXFileReference; lastKnownFileType = sourcecode.swift; path = FilesView.swift; sourceTree = "<group>"; };
		390D49522AFB53460033C879 /* PlayerView.swift */ = {isa = PBXFileReference; lastKnownFileType = sourcecode.swift; path = PlayerView.swift; sourceTree = "<group>"; };
		390D49542AFB5ACE0033C879 /* Player.swift */ = {isa = PBXFileReference; fileEncoding = 4; lastKnownFileType = sourcecode.swift; path = Player.swift; sourceTree = "<group>"; };
		392B85022C7E74C200C5F32C /* LockScreenControlManager.swift */ = {isa = PBXFileReference; lastKnownFileType = sourcecode.swift; path = LockScreenControlManager.swift; sourceTree = "<group>"; };
		3932BC7D2C6481770023DDC1 /* TranscriptionResult.swift */ = {isa = PBXFileReference; lastKnownFileType = sourcecode.swift; path = TranscriptionResult.swift; sourceTree = "<group>"; };
		393E57AA2C372FD800690315 /* SettingsView.swift */ = {isa = PBXFileReference; lastKnownFileType = sourcecode.swift; path = SettingsView.swift; sourceTree = "<group>"; };
		393E57B02C38675800690315 /* FilesListView.swift */ = {isa = PBXFileReference; lastKnownFileType = sourcecode.swift; path = FilesListView.swift; sourceTree = "<group>"; };
		393E57B82C39D9CA00690315 /* RecordView++.swift */ = {isa = PBXFileReference; lastKnownFileType = sourcecode.swift; path = "RecordView++.swift"; sourceTree = "<group>"; };
		393E57C12C39E3A600690315 /* Info.plist */ = {isa = PBXFileReference; lastKnownFileType = text.plist.xml; path = Info.plist; sourceTree = "<group>"; };
		393EAA222AF48FFF0042C085 /* RecordingModel.swift */ = {isa = PBXFileReference; lastKnownFileType = sourcecode.swift; path = RecordingModel.swift; sourceTree = "<group>"; };
		3951A90929E13F6100C80C26 /* MemoMan.app */ = {isa = PBXFileReference; explicitFileType = wrapper.application; includeInIndex = 0; path = MemoMan.app; sourceTree = BUILT_PRODUCTS_DIR; };
		3951A90C29E13F6100C80C26 /* MemoManApp.swift */ = {isa = PBXFileReference; lastKnownFileType = sourcecode.swift; path = MemoManApp.swift; sourceTree = "<group>"; };
		3951A90E29E13F6100C80C26 /* RecordView.swift */ = {isa = PBXFileReference; lastKnownFileType = sourcecode.swift; path = RecordView.swift; sourceTree = "<group>"; };
		3951A91029E13F6200C80C26 /* Assets.xcassets */ = {isa = PBXFileReference; lastKnownFileType = folder.assetcatalog; path = Assets.xcassets; sourceTree = "<group>"; };
		3951A91329E13F6200C80C26 /* Preview Assets.xcassets */ = {isa = PBXFileReference; lastKnownFileType = folder.assetcatalog; path = "Preview Assets.xcassets"; sourceTree = "<group>"; };
		39573A5E2C251AB4008B13D8 /* FileNameButtonView.swift */ = {isa = PBXFileReference; lastKnownFileType = sourcecode.swift; path = FileNameButtonView.swift; sourceTree = "<group>"; };
		39573A602C2606DB008B13D8 /* PlayerViewModel.swift */ = {isa = PBXFileReference; lastKnownFileType = sourcecode.swift; path = PlayerViewModel.swift; sourceTree = "<group>"; };
		3989D91F2C43B162005D77BA /* WaveformView.swift */ = {isa = PBXFileReference; lastKnownFileType = sourcecode.swift; path = WaveformView.swift; sourceTree = "<group>"; };
		398B6C4C2DAA373F00A10365 /* LockScreenControlManager.swift */ = {isa = PBXFileReference; lastKnownFileType = sourcecode.swift; path = LockScreenControlManager.swift; sourceTree = "<group>"; };
		398B6C4D2DAA373F00A10365 /* Player.swift */ = {isa = PBXFileReference; lastKnownFileType = sourcecode.swift; path = Player.swift; sourceTree = "<group>"; };
		398B6C4E2DAA373F00A10365 /* Recorder.swift */ = {isa = PBXFileReference; lastKnownFileType = sourcecode.swift; path = Recorder.swift; sourceTree = "<group>"; };
		398B6C4F2DAA373F00A10365 /* SpeechRecognizer.swift */ = {isa = PBXFileReference; lastKnownFileType = sourcecode.swift; path = SpeechRecognizer.swift; sourceTree = "<group>"; };
		398C8A042AF1F46F009848AF /* Recorder.swift */ = {isa = PBXFileReference; lastKnownFileType = sourcecode.swift; path = Recorder.swift; sourceTree = "<group>"; };
		398C8A062AF1F49B009848AF /* RecordViewModel.swift */ = {isa = PBXFileReference; lastKnownFileType = sourcecode.swift; path = RecordViewModel.swift; sourceTree = "<group>"; };
		399CEEA32C56DEF40012A712 /* UIDeviceOrientation++.swift */ = {isa = PBXFileReference; lastKnownFileType = sourcecode.swift; path = "UIDeviceOrientation++.swift"; sourceTree = "<group>"; };
		39A013F92C31EB0400BE7BBF /* RecordingModel++.swift */ = {isa = PBXFileReference; lastKnownFileType = sourcecode.swift; path = "RecordingModel++.swift"; sourceTree = "<group>"; };
		39A41A232C2FFA39003B11B1 /* Recording+Transferable.swift */ = {isa = PBXFileReference; lastKnownFileType = sourcecode.swift; path = "Recording+Transferable.swift"; sourceTree = "<group>"; };
		39D7DBFD2BB73FD800EECAD9 /* Errors.swift */ = {isa = PBXFileReference; lastKnownFileType = sourcecode.swift; path = Errors.swift; sourceTree = "<group>"; };
		39E55A072C3A345900FBA9C3 /* SpeechRecognizer.swift */ = {isa = PBXFileReference; lastKnownFileType = sourcecode.swift; path = SpeechRecognizer.swift; sourceTree = "<group>"; };
		39E55A092C3A39AA00FBA9C3 /* SFSpeechRecognizer++.swift */ = {isa = PBXFileReference; lastKnownFileType = sourcecode.swift; path = "SFSpeechRecognizer++.swift"; sourceTree = "<group>"; };
		39E55A0B2C3A403500FBA9C3 /* TranscriptionButtonView.swift */ = {isa = PBXFileReference; lastKnownFileType = sourcecode.swift; path = TranscriptionButtonView.swift; sourceTree = "<group>"; };
		39E55A0D2C3A473600FBA9C3 /* PurpleButtonStyle.swift */ = {isa = PBXFileReference; lastKnownFileType = sourcecode.swift; path = PurpleButtonStyle.swift; sourceTree = "<group>"; };
		39F8D31D2BD06A0100D66B1A /* MemoMan.entitlements */ = {isa = PBXFileReference; lastKnownFileType = text.plist.entitlements; path = MemoMan.entitlements; sourceTree = "<group>"; };
/* End PBXFileReference section */

/* Begin PBXFrameworksBuildPhase section */
		3951A90629E13F6100C80C26 /* Frameworks */ = {
			isa = PBXFrameworksBuildPhase;
			buildActionMask = 2147483647;
			files = (
			);
			runOnlyForDeploymentPostprocessing = 0;
		};
/* End PBXFrameworksBuildPhase section */

/* Begin PBXGroup section */
		393E57BC2C39E06A00690315 /* Views */ = {
			isa = PBXGroup;
			children = (
				393E57AA2C372FD800690315 /* SettingsView.swift */,
				390D494F2AF5D2960033C879 /* FilesView.swift */,
				393E57B02C38675800690315 /* FilesListView.swift */,
				390D49522AFB53460033C879 /* PlayerView.swift */,
				3951A90E29E13F6100C80C26 /* RecordView.swift */,
				39573A5E2C251AB4008B13D8 /* FileNameButtonView.swift */,
				39E55A0B2C3A403500FBA9C3 /* TranscriptionButtonView.swift */,
				3989D91F2C43B162005D77BA /* WaveformView.swift */,
				3909184D2C9DF82E00E487F9 /* RecordViewTip.swift */,
			);
			path = Views;
			sourceTree = "<group>";
		};
		393E57BD2C39E07B00690315 /* Extensions */ = {
			isa = PBXGroup;
			children = (
				393E57B82C39D9CA00690315 /* RecordView++.swift */,
				39A013F92C31EB0400BE7BBF /* RecordingModel++.swift */,
				399CEEA32C56DEF40012A712 /* UIDeviceOrientation++.swift */,
				39A41A232C2FFA39003B11B1 /* Recording+Transferable.swift */,
				39E55A092C3A39AA00FBA9C3 /* SFSpeechRecognizer++.swift */,
			);
			path = Extensions;
			sourceTree = "<group>";
		};
		393E57BE2C39E09C00690315 /* ViewModels */ = {
			isa = PBXGroup;
			children = (
				39573A602C2606DB008B13D8 /* PlayerViewModel.swift */,
				398C8A062AF1F49B009848AF /* RecordViewModel.swift */,
			);
			path = ViewModels;
			sourceTree = "<group>";
		};
		393E57BF2C39E0AE00690315 /* Models */ = {
			isa = PBXGroup;
			children = (
				398B6C4C2DAA373F00A10365 /* LockScreenControlManager.swift */,
				398B6C4D2DAA373F00A10365 /* Player.swift */,
				398B6C4E2DAA373F00A10365 /* Recorder.swift */,
				398B6C4F2DAA373F00A10365 /* SpeechRecognizer.swift */,
				398C8A042AF1F46F009848AF /* Recorder.swift */,
				393EAA222AF48FFF0042C085 /* RecordingModel.swift */,
				390D49542AFB5ACE0033C879 /* Player.swift */,
				39E55A072C3A345900FBA9C3 /* SpeechRecognizer.swift */,
				3932BC7D2C6481770023DDC1 /* TranscriptionResult.swift */,
				392B85022C7E74C200C5F32C /* LockScreenControlManager.swift */,
			);
			path = Models;
			sourceTree = "<group>";
		};
		393E57C02C39E0C700690315 /* Components */ = {
			isa = PBXGroup;
			children = (
				39D7DBFD2BB73FD800EECAD9 /* Errors.swift */,
				39E55A0D2C3A473600FBA9C3 /* PurpleButtonStyle.swift */,
			);
			path = Components;
			sourceTree = "<group>";
		};
		3951A90029E13F6100C80C26 = {
			isa = PBXGroup;
			children = (
				3951A90B29E13F6100C80C26 /* MemoMan */,
				3951A90A29E13F6100C80C26 /* Products */,
			);
			sourceTree = "<group>";
		};
		3951A90A29E13F6100C80C26 /* Products */ = {
			isa = PBXGroup;
			children = (
				3951A90929E13F6100C80C26 /* MemoMan.app */,
			);
			name = Products;
			sourceTree = "<group>";
		};
		3951A90B29E13F6100C80C26 /* MemoMan */ = {
			isa = PBXGroup;
			children = (
				393E57BF2C39E0AE00690315 /* Models */,
				393E57BD2C39E07B00690315 /* Extensions */,
				393E57C02C39E0C700690315 /* Components */,
				393E57BC2C39E06A00690315 /* Views */,
				393E57BE2C39E09C00690315 /* ViewModels */,
				3951A91029E13F6200C80C26 /* Assets.xcassets */,
				393E57C12C39E3A600690315 /* Info.plist */,
				39F8D31D2BD06A0100D66B1A /* MemoMan.entitlements */,
				3951A90C29E13F6100C80C26 /* MemoManApp.swift */,
				3951A91229E13F6200C80C26 /* Preview Content */,
			);
			path = MemoMan;
			sourceTree = "<group>";
		};
		3951A91229E13F6200C80C26 /* Preview Content */ = {
			isa = PBXGroup;
			children = (
				3951A91329E13F6200C80C26 /* Preview Assets.xcassets */,
			);
			path = "Preview Content";
			sourceTree = "<group>";
		};
/* End PBXGroup section */

/* Begin PBXNativeTarget section */
		3951A90829E13F6100C80C26 /* MemoMan */ = {
			isa = PBXNativeTarget;
			buildConfigurationList = 3951A91729E13F6200C80C26 /* Build configuration list for PBXNativeTarget "MemoMan" */;
			buildPhases = (
				3951A90529E13F6100C80C26 /* Sources */,
				3951A90629E13F6100C80C26 /* Frameworks */,
				3951A90729E13F6100C80C26 /* Resources */,
			);
			buildRules = (
			);
			dependencies = (
			);
			name = MemoMan;
			packageProductDependencies = (
			);
			productName = MemoMan;
			productReference = 3951A90929E13F6100C80C26 /* MemoMan.app */;
			productType = "com.apple.product-type.application";
		};
/* End PBXNativeTarget section */

/* Begin PBXProject section */
		3951A90129E13F6100C80C26 /* Project object */ = {
			isa = PBXProject;
			attributes = {
				BuildIndependentTargetsInParallel = 1;
				LastSwiftUpdateCheck = 1430;
				LastUpgradeCheck = 1610;
				TargetAttributes = {
					3951A90829E13F6100C80C26 = {
						CreatedOnToolsVersion = 14.3;
					};
				};
			};
			buildConfigurationList = 3951A90429E13F6100C80C26 /* Build configuration list for PBXProject "MemoMan" */;
			compatibilityVersion = "Xcode 14.0";
			developmentRegion = en;
			hasScannedForEncodings = 0;
			knownRegions = (
				en,
				Base,
			);
			mainGroup = 3951A90029E13F6100C80C26;
			packageReferences = (
			);
			productRefGroup = 3951A90A29E13F6100C80C26 /* Products */;
			projectDirPath = "";
			projectRoot = "";
			targets = (
				3951A90829E13F6100C80C26 /* MemoMan */,
			);
		};
/* End PBXProject section */

/* Begin PBXResourcesBuildPhase section */
		3951A90729E13F6100C80C26 /* Resources */ = {
			isa = PBXResourcesBuildPhase;
			buildActionMask = 2147483647;
			files = (
				3951A91429E13F6200C80C26 /* Preview Assets.xcassets in Resources */,
				3951A91129E13F6200C80C26 /* Assets.xcassets in Resources */,
			);
			runOnlyForDeploymentPostprocessing = 0;
		};
/* End PBXResourcesBuildPhase section */

/* Begin PBXSourcesBuildPhase section */
		3951A90529E13F6100C80C26 /* Sources */ = {
			isa = PBXSourcesBuildPhase;
			buildActionMask = 2147483647;
			files = (
				398B6C502DAA373F00A10365 /* LockScreenControlManager.swift in Sources */,
				398B6C512DAA373F00A10365 /* SpeechRecognizer.swift in Sources */,
				398B6C522DAA373F00A10365 /* Player.swift in Sources */,
				398B6C532DAA373F00A10365 /* Recorder.swift in Sources */,
				3989D9202C43B162005D77BA /* WaveformView.swift in Sources */,
				3932BC7E2C6481770023DDC1 /* TranscriptionResult.swift in Sources */,
				3909184E2C9DF82E00E487F9 /* RecordViewTip.swift in Sources */,
				393E57AB2C372FD800690315 /* SettingsView.swift in Sources */,
				39A41A242C2FFA39003B11B1 /* Recording+Transferable.swift in Sources */,
				39E55A0E2C3A473600FBA9C3 /* PurpleButtonStyle.swift in Sources */,
				39573A5F2C251AB4008B13D8 /* FileNameButtonView.swift in Sources */,
				398C8A072AF1F49B009848AF /* RecordViewModel.swift in Sources */,
				398C8A052AF1F46F009848AF /* Recorder.swift in Sources */,
				39E55A082C3A345900FBA9C3 /* SpeechRecognizer.swift in Sources */,
				390D49532AFB53460033C879 /* PlayerView.swift in Sources */,
				39A013FA2C31EB0400BE7BBF /* RecordingModel++.swift in Sources */,
				390D49502AF5D2960033C879 /* FilesView.swift in Sources */,
				39E55A0C2C3A403500FBA9C3 /* TranscriptionButtonView.swift in Sources */,
				393E57B12C38675800690315 /* FilesListView.swift in Sources */,
				390D49552AFB5ACE0033C879 /* Player.swift in Sources */,
				3951A90F29E13F6100C80C26 /* RecordView.swift in Sources */,
				399CEEA42C56DEF40012A712 /* UIDeviceOrientation++.swift in Sources */,
				393E57B92C39D9CA00690315 /* RecordView++.swift in Sources */,
				392B85032C7E74C200C5F32C /* LockScreenControlManager.swift in Sources */,
				3951A90D29E13F6100C80C26 /* MemoManApp.swift in Sources */,
				39D7DBFE2BB73FD800EECAD9 /* Errors.swift in Sources */,
				393EAA232AF48FFF0042C085 /* RecordingModel.swift in Sources */,
				39E55A0A2C3A39AA00FBA9C3 /* SFSpeechRecognizer++.swift in Sources */,
				39573A612C2606DB008B13D8 /* PlayerViewModel.swift in Sources */,
			);
			runOnlyForDeploymentPostprocessing = 0;
		};
/* End PBXSourcesBuildPhase section */

/* Begin XCBuildConfiguration section */
		3951A91529E13F6200C80C26 /* Debug */ = {
			isa = XCBuildConfiguration;
			buildSettings = {
				ALWAYS_SEARCH_USER_PATHS = NO;
				CLANG_ANALYZER_NONNULL = YES;
				CLANG_ANALYZER_NUMBER_OBJECT_CONVERSION = YES_AGGRESSIVE;
				CLANG_CXX_LANGUAGE_STANDARD = "gnu++20";
				CLANG_ENABLE_MODULES = YES;
				CLANG_ENABLE_OBJC_ARC = YES;
				CLANG_ENABLE_OBJC_WEAK = YES;
				CLANG_WARN_BLOCK_CAPTURE_AUTORELEASING = YES;
				CLANG_WARN_BOOL_CONVERSION = YES;
				CLANG_WARN_COMMA = YES;
				CLANG_WARN_CONSTANT_CONVERSION = YES;
				CLANG_WARN_DEPRECATED_OBJC_IMPLEMENTATIONS = YES;
				CLANG_WARN_DIRECT_OBJC_ISA_USAGE = YES_ERROR;
				CLANG_WARN_DOCUMENTATION_COMMENTS = YES;
				CLANG_WARN_EMPTY_BODY = YES;
				CLANG_WARN_ENUM_CONVERSION = YES;
				CLANG_WARN_INFINITE_RECURSION = YES;
				CLANG_WARN_INT_CONVERSION = YES;
				CLANG_WARN_NON_LITERAL_NULL_CONVERSION = YES;
				CLANG_WARN_OBJC_IMPLICIT_RETAIN_SELF = YES;
				CLANG_WARN_OBJC_LITERAL_CONVERSION = YES;
				CLANG_WARN_OBJC_ROOT_CLASS = YES_ERROR;
				CLANG_WARN_QUOTED_INCLUDE_IN_FRAMEWORK_HEADER = YES;
				CLANG_WARN_RANGE_LOOP_ANALYSIS = YES;
				CLANG_WARN_STRICT_PROTOTYPES = YES;
				CLANG_WARN_SUSPICIOUS_MOVE = YES;
				CLANG_WARN_UNGUARDED_AVAILABILITY = YES_AGGRESSIVE;
				CLANG_WARN_UNREACHABLE_CODE = YES;
				CLANG_WARN__DUPLICATE_METHOD_MATCH = YES;
				COPY_PHASE_STRIP = NO;
				DEBUG_INFORMATION_FORMAT = dwarf;
				ENABLE_STRICT_OBJC_MSGSEND = YES;
				ENABLE_TESTABILITY = YES;
				ENABLE_USER_SCRIPT_SANDBOXING = YES;
				GCC_C_LANGUAGE_STANDARD = gnu11;
				GCC_DYNAMIC_NO_PIC = NO;
				GCC_NO_COMMON_BLOCKS = YES;
				GCC_OPTIMIZATION_LEVEL = 0;
				GCC_PREPROCESSOR_DEFINITIONS = (
					"DEBUG=1",
					"$(inherited)",
				);
				GCC_WARN_64_TO_32_BIT_CONVERSION = YES;
				GCC_WARN_ABOUT_RETURN_TYPE = YES_ERROR;
				GCC_WARN_UNDECLARED_SELECTOR = YES;
				GCC_WARN_UNINITIALIZED_AUTOS = YES_AGGRESSIVE;
				GCC_WARN_UNUSED_FUNCTION = YES;
				GCC_WARN_UNUSED_VARIABLE = YES;
				IPHONEOS_DEPLOYMENT_TARGET = 17.6;
				MTL_ENABLE_DEBUG_INFO = INCLUDE_SOURCE;
				MTL_FAST_MATH = YES;
				ONLY_ACTIVE_ARCH = YES;
				SDKROOT = iphoneos;
				SWIFT_ACTIVE_COMPILATION_CONDITIONS = DEBUG;
				SWIFT_OPTIMIZATION_LEVEL = "-Onone";
				SWIFT_STRICT_CONCURRENCY = complete;
				SWIFT_VERSION = 6.0;
			};
			name = Debug;
		};
		3951A91629E13F6200C80C26 /* Release */ = {
			isa = XCBuildConfiguration;
			buildSettings = {
				ALWAYS_SEARCH_USER_PATHS = NO;
				CLANG_ANALYZER_NONNULL = YES;
				CLANG_ANALYZER_NUMBER_OBJECT_CONVERSION = YES_AGGRESSIVE;
				CLANG_CXX_LANGUAGE_STANDARD = "gnu++20";
				CLANG_ENABLE_MODULES = YES;
				CLANG_ENABLE_OBJC_ARC = YES;
				CLANG_ENABLE_OBJC_WEAK = YES;
				CLANG_WARN_BLOCK_CAPTURE_AUTORELEASING = YES;
				CLANG_WARN_BOOL_CONVERSION = YES;
				CLANG_WARN_COMMA = YES;
				CLANG_WARN_CONSTANT_CONVERSION = YES;
				CLANG_WARN_DEPRECATED_OBJC_IMPLEMENTATIONS = YES;
				CLANG_WARN_DIRECT_OBJC_ISA_USAGE = YES_ERROR;
				CLANG_WARN_DOCUMENTATION_COMMENTS = YES;
				CLANG_WARN_EMPTY_BODY = YES;
				CLANG_WARN_ENUM_CONVERSION = YES;
				CLANG_WARN_INFINITE_RECURSION = YES;
				CLANG_WARN_INT_CONVERSION = YES;
				CLANG_WARN_NON_LITERAL_NULL_CONVERSION = YES;
				CLANG_WARN_OBJC_IMPLICIT_RETAIN_SELF = YES;
				CLANG_WARN_OBJC_LITERAL_CONVERSION = YES;
				CLANG_WARN_OBJC_ROOT_CLASS = YES_ERROR;
				CLANG_WARN_QUOTED_INCLUDE_IN_FRAMEWORK_HEADER = YES;
				CLANG_WARN_RANGE_LOOP_ANALYSIS = YES;
				CLANG_WARN_STRICT_PROTOTYPES = YES;
				CLANG_WARN_SUSPICIOUS_MOVE = YES;
				CLANG_WARN_UNGUARDED_AVAILABILITY = YES_AGGRESSIVE;
				CLANG_WARN_UNREACHABLE_CODE = YES;
				CLANG_WARN__DUPLICATE_METHOD_MATCH = YES;
				COPY_PHASE_STRIP = NO;
				DEBUG_INFORMATION_FORMAT = "dwarf-with-dsym";
				ENABLE_NS_ASSERTIONS = NO;
				ENABLE_STRICT_OBJC_MSGSEND = YES;
				ENABLE_USER_SCRIPT_SANDBOXING = YES;
				GCC_C_LANGUAGE_STANDARD = gnu11;
				GCC_NO_COMMON_BLOCKS = YES;
				GCC_WARN_64_TO_32_BIT_CONVERSION = YES;
				GCC_WARN_ABOUT_RETURN_TYPE = YES_ERROR;
				GCC_WARN_UNDECLARED_SELECTOR = YES;
				GCC_WARN_UNINITIALIZED_AUTOS = YES_AGGRESSIVE;
				GCC_WARN_UNUSED_FUNCTION = YES;
				GCC_WARN_UNUSED_VARIABLE = YES;
				IPHONEOS_DEPLOYMENT_TARGET = 17.6;
				MTL_ENABLE_DEBUG_INFO = NO;
				MTL_FAST_MATH = YES;
				SDKROOT = iphoneos;
				SWIFT_COMPILATION_MODE = wholemodule;
				SWIFT_OPTIMIZATION_LEVEL = "-O";
				SWIFT_STRICT_CONCURRENCY = complete;
				SWIFT_VERSION = 6.0;
				VALIDATE_PRODUCT = YES;
			};
			name = Release;
		};
		3951A91829E13F6200C80C26 /* Debug */ = {
			isa = XCBuildConfiguration;
			buildSettings = {
				ASSETCATALOG_COMPILER_APPICON_NAME = AppIcon;
				ASSETCATALOG_COMPILER_GLOBAL_ACCENT_COLOR_NAME = AccentColor;
				CODE_SIGN_ENTITLEMENTS = MemoMan/MemoMan.entitlements;
				CODE_SIGN_STYLE = Automatic;
				CURRENT_PROJECT_VERSION = 1;
				DEBUG_INFORMATION_FORMAT = "dwarf-with-dsym";
				DEVELOPMENT_ASSET_PATHS = "\"MemoMan/Preview Content\"";
				DEVELOPMENT_TEAM = 3798C43WZH;
				ENABLE_PREVIEWS = YES;
				GENERATE_INFOPLIST_FILE = YES;
				INFOPLIST_FILE = MemoMan/Info.plist;
				INFOPLIST_KEY_CFBundleDisplayName = MicMan;
				INFOPLIST_KEY_LSApplicationCategoryType = "public.app-category.utilities";
				INFOPLIST_KEY_NSMicrophoneUsageDescription = "MicMan requires access to the microphone in order to capture recordings.";
				INFOPLIST_KEY_NSSpeechRecognitionUsageDescription = "MicMan requires voice transcription permissions to use transcription features.";
				INFOPLIST_KEY_UIApplicationSceneManifest_Generation = YES;
				INFOPLIST_KEY_UIApplicationSupportsIndirectInputEvents = YES;
				INFOPLIST_KEY_UILaunchScreen_Generation = YES;
				INFOPLIST_KEY_UISupportedInterfaceOrientations_iPad = "UIInterfaceOrientationPortrait UIInterfaceOrientationPortraitUpsideDown UIInterfaceOrientationLandscapeLeft UIInterfaceOrientationLandscapeRight";
				INFOPLIST_KEY_UISupportedInterfaceOrientations_iPhone = "UIInterfaceOrientationPortrait UIInterfaceOrientationLandscapeLeft UIInterfaceOrientationLandscapeRight UIInterfaceOrientationPortraitUpsideDown";
				IPHONEOS_DEPLOYMENT_TARGET = 18.0;
				LD_RUNPATH_SEARCH_PATHS = (
					"$(inherited)",
					"@executable_path/Frameworks",
				);
				MARKETING_VERSION = 1.01;
				PRODUCT_BUNDLE_IDENTIFIER = com.aabagdi.MemoMan;
				PRODUCT_NAME = "$(TARGET_NAME)";
				SUPPORTED_PLATFORMS = "iphoneos iphonesimulator";
				SUPPORTS_MACCATALYST = NO;
				SUPPORTS_MAC_DESIGNED_FOR_IPHONE_IPAD = NO;
				SUPPORTS_XR_DESIGNED_FOR_IPHONE_IPAD = NO;
				SWIFT_EMIT_LOC_STRINGS = YES;
				SWIFT_STRICT_CONCURRENCY = complete;
				SWIFT_VERSION = 6.0;
				TARGETED_DEVICE_FAMILY = "1,2";
			};
			name = Debug;
		};
		3951A91929E13F6200C80C26 /* Release */ = {
			isa = XCBuildConfiguration;
			buildSettings = {
				ASSETCATALOG_COMPILER_APPICON_NAME = AppIcon;
				ASSETCATALOG_COMPILER_GLOBAL_ACCENT_COLOR_NAME = AccentColor;
				CODE_SIGN_ENTITLEMENTS = MemoMan/MemoMan.entitlements;
				CODE_SIGN_STYLE = Automatic;
				CURRENT_PROJECT_VERSION = 1;
				DEVELOPMENT_ASSET_PATHS = "\"MemoMan/Preview Content\"";
				DEVELOPMENT_TEAM = 3798C43WZH;
				ENABLE_PREVIEWS = YES;
				GENERATE_INFOPLIST_FILE = YES;
				INFOPLIST_FILE = MemoMan/Info.plist;
				INFOPLIST_KEY_CFBundleDisplayName = MicMan;
				INFOPLIST_KEY_LSApplicationCategoryType = "public.app-category.utilities";
				INFOPLIST_KEY_NSMicrophoneUsageDescription = "MicMan requires access to the microphone in order to capture recordings.";
				INFOPLIST_KEY_NSSpeechRecognitionUsageDescription = "MicMan requires voice transcription permissions to use transcription features.";
				INFOPLIST_KEY_UIApplicationSceneManifest_Generation = YES;
				INFOPLIST_KEY_UIApplicationSupportsIndirectInputEvents = YES;
				INFOPLIST_KEY_UILaunchScreen_Generation = YES;
				INFOPLIST_KEY_UISupportedInterfaceOrientations_iPad = "UIInterfaceOrientationPortrait UIInterfaceOrientationPortraitUpsideDown UIInterfaceOrientationLandscapeLeft UIInterfaceOrientationLandscapeRight";
				INFOPLIST_KEY_UISupportedInterfaceOrientations_iPhone = "UIInterfaceOrientationPortrait UIInterfaceOrientationLandscapeLeft UIInterfaceOrientationLandscapeRight UIInterfaceOrientationPortraitUpsideDown";
				IPHONEOS_DEPLOYMENT_TARGET = 18.0;
				LD_RUNPATH_SEARCH_PATHS = (
					"$(inherited)",
					"@executable_path/Frameworks",
				);
				MARKETING_VERSION = 1.01;
				PRODUCT_BUNDLE_IDENTIFIER = com.aabagdi.MemoMan;
				PRODUCT_NAME = "$(TARGET_NAME)";
				SUPPORTED_PLATFORMS = "iphoneos iphonesimulator";
				SUPPORTS_MACCATALYST = NO;
				SUPPORTS_MAC_DESIGNED_FOR_IPHONE_IPAD = NO;
				SUPPORTS_XR_DESIGNED_FOR_IPHONE_IPAD = NO;
				SWIFT_EMIT_LOC_STRINGS = YES;
				SWIFT_STRICT_CONCURRENCY = complete;
				SWIFT_VERSION = 6.0;
				TARGETED_DEVICE_FAMILY = "1,2";
			};
			name = Release;
		};
/* End XCBuildConfiguration section */

/* Begin XCConfigurationList section */
		3951A90429E13F6100C80C26 /* Build configuration list for PBXProject "MemoMan" */ = {
			isa = XCConfigurationList;
			buildConfigurations = (
				3951A91529E13F6200C80C26 /* Debug */,
				3951A91629E13F6200C80C26 /* Release */,
			);
			defaultConfigurationIsVisible = 0;
			defaultConfigurationName = Release;
		};
		3951A91729E13F6200C80C26 /* Build configuration list for PBXNativeTarget "MemoMan" */ = {
			isa = XCConfigurationList;
			buildConfigurations = (
				3951A91829E13F6200C80C26 /* Debug */,
				3951A91929E13F6200C80C26 /* Release */,
			);
			defaultConfigurationIsVisible = 0;
			defaultConfigurationName = Release;
		};
/* End XCConfigurationList section */
	};
	rootObject = 3951A90129E13F6100C80C26 /* Project object */;
}
